
Microsoft Visual Studio Solution File, Format Version 12.00
# Visual Studio Version 18
VisualStudioVersion = 18.4.11519.219
MinimumVisualStudioVersion = 10.0.40219.1
Project("{FAE04EC0-301F-11D3-BF4B-00C04F79EFBC}") = "ArenaLite", "ArenaLite.csproj", "{5D2C9502-F50D-9C95-163F-E7D3383DD36C}"
EndProject
Project("{FAE04EC0-301F-11D3-BF4B-00C04F79EFBC}") = "ArenaLite.DI", "ArenaLite.DI\ArenaLite.DI.csproj", "{1C197D2C-BA01-45C4-9343-61BC4E9B13E4}"
EndProject
Global
	GlobalSection(SolutionConfigurationPlatforms) = preSolution
		Debug|Any CPU = Debug|Any CPU
		Debug|x64 = Debug|x64
		Debug|x86 = Debug|x86
		Release|Any CPU = Release|Any CPU
		Release|x64 = Release|x64
		Release|x86 = Release|x86
	EndGlobalSection
	GlobalSection(ProjectConfigurationPlatforms) = postSolution
		{5D2C9502-F50D-9C95-163F-E7D3383DD36C}.Debug|Any CPU.ActiveCfg = Debug|Any CPU
		{5D2C9502-F50D-9C95-163F-E7D3383DD36C}.Debug|Any CPU.Build.0 = Debug|Any CPU
		{5D2C9502-F50D-9C95-163F-E7D3383DD36C}.Debug|x64.ActiveCfg = Debug|Any CPU
		{5D2C9502-F50D-9C95-163F-E7D3383DD36C}.Debug|x64.Build.0 = Debug|Any CPU
		{5D2C9502-F50D-9C95-163F-E7D3383DD36C}.Debug|x86.ActiveCfg = Debug|Any CPU
		{5D2C9502-F50D-9C95-163F-E7D3383DD36C}.Debug|x86.Build.0 = Debug|Any CPU
		{5D2C9502-F50D-9C95-163F-E7D3383DD36C}.Release|Any CPU.ActiveCfg = Release|Any CPU
		{5D2C9502-F50D-9C95-163F-E7D3383DD36C}.Release|Any CPU.Build.0 = Release|Any CPU
		{5D2C9502-F50D-9C95-163F-E7D3383DD36C}.Release|x64.ActiveCfg = Release|Any CPU
		{5D2C9502-F50D-9C95-163F-E7D3383DD36C}.Release|x64.Build.0 = Release|Any CPU
		{5D2C9502-F50D-9C95-163F-E7D3383DD36C}.Release|x86.ActiveCfg = Release|Any CPU
		{5D2C9502-F50D-9C95-163F-E7D3383DD36C}.Release|x86.Build.0 = Release|Any CPU
		{1C197D2C-BA01-45C4-9343-61BC4E9B13E4}.Debug|Any CPU.ActiveCfg = Debug|Any CPU
		{1C197D2C-BA01-45C4-9343-61BC4E9B13E4}.Debug|Any CPU.Build.0 = Debug|Any CPU
		{1C197D2C-BA01-45C4-9343-61BC4E9B13E4}.Debug|x64.ActiveCfg = Debug|Any CPU
		{1C197D2C-BA01-45C4-9343-61BC4E9B13E4}.Debug|x64.Build.0 = Debug|Any CPU
		{1C197D2C-BA01-45C4-9343-61BC4E9B13E4}.Debug|x86.ActiveCfg = Debug|Any CPU
		{1C197D2C-BA01-45C4-9343-61BC4E9B13E4}.Debug|x86.Build.0 = Debug|Any CPU
		{1C197D2C-BA01-45C4-9343-61BC4E9B13E4}.Release|Any CPU.ActiveCfg = Release|Any CPU
		{1C197D2C-BA01-45C4-9343-61BC4E9B13E4}.Release|Any CPU.Build.0 = Release|Any CPU
		{1C197D2C-BA01-45C4-9343-61BC4E9B13E4}.Release|x64.ActiveCfg = Release|Any CPU
		{1C197D2C-BA01-45C4-9343-61BC4E9B13E4}.Release|x64.Build.0 = Release|Any CPU
		{1C197D2C-BA01-45C4-9343-61BC4E9B13E4}.Release|x86.ActiveCfg = Release|Any CPU
		{1C197D2C-BA01-45C4-9343-61BC4E9B13E4}.Release|x86.Build.0 = Release|Any CPU
	EndGlobalSection
	GlobalSection(SolutionProperties) = preSolution
		HideSolutionNode = FALSE
	EndGlobalSection
	GlobalSection(ExtensibilityGlobals) = postSolution
		SolutionGuid = {CBC9E070-DFA7-4DD4-A4DF-64E0802BE627}
	EndGlobalSection
EndGlobal
